
Microsoft Visual Studio Solution File, Format Version 12.00
# Visual Studio Version 16
VisualStudioVersion = 16.0.31729.503
MinimumVisualStudioVersion = 10.0.40219.1
Project("{FAE04EC0-301F-11D3-BF4B-00C04F79EFBC}") = "Animal_BT", "Animal_BT\Animal_BT.csproj", "{C7F40015-240A-40E6-A450-102C2A294ADD}"
EndProject
Global
	GlobalSection(SolutionConfigurationPlatforms) = preSolution
		Debug|Any CPU = Debug|Any CPU
		Release|Any CPU = Release|Any CPU
	EndGlobalSection
	GlobalSection(ProjectConfigurationPlatforms) = postSolution
		{C7F40015-240A-40E6-A450-102C2A294ADD}.Debug|Any CPU.ActiveCfg = Debug|Any CPU
		{C7F40015-240A-40E6-A450-102C2A294ADD}.Debug|Any CPU.Build.0 = Debug|Any CPU
		{C7F40015-240A-40E6-A450-102C2A294ADD}.Release|Any CPU.ActiveCfg = Release|Any CPU
		{C7F40015-240A-40E6-A450-102C2A294ADD}.Release|Any CPU.Build.0 = Release|Any CPU
	EndGlobalSection
	GlobalSection(SolutionProperties) = preSolution
		HideSolutionNode = FALSE
	EndGlobalSection
	GlobalSection(ExtensibilityGlobals) = postSolution
		SolutionGuid = {920057AD-0B02-4966-9106-0CBD14FB3199}
	EndGlobalSection
EndGlobal
